
Microsoft Visual Studio Solution File, Format Version 12.00
# Visual Studio Version 16
VisualStudioVersion = 16.0.31005.135
MinimumVisualStudioVersion = 10.0.40219.1
Project("{9A19103F-16F7-4668-BE54-9A1E7A4F7556}") = "HBResi", "HBResi.csproj", "{D3FAD65C-5EEC-41AE-A948-0C1A596FCBBB}"
	ProjectSection(ProjectDependencies) = postProject
		{23047AC9-66F7-4DE3-82E7-ED5B7E83E3B3} = {23047AC9-66F7-4DE3-82E7-ED5B7E83E3B3}
	EndProjectSection
EndProject
Project("{9A19103F-16F7-4668-BE54-9A1E7A4F7556}") = "ResiWebApp.Core", "..\ResiWebApp.Core\ResiWebApp.Core.csproj", "{1E15A49D-D613-41AD-A92E-9742B34F1B46}"
EndProject
Project("{9A19103F-16F7-4668-BE54-9A1E7A4F7556}") = "ResiWebApp.CoreTest", "..\ResiWebApp.CoreTest\ResiWebApp.CoreTest.csproj", "{23047AC9-66F7-4DE3-82E7-ED5B7E83E3B3}"
EndProject
Global
	GlobalSection(SolutionConfigurationPlatforms) = preSolution
		Debug|Any CPU = Debug|Any CPU
		Release|Any CPU = Release|Any CPU
	EndGlobalSection
	GlobalSection(ProjectConfigurationPlatforms) = postSolution
		{D3FAD65C-5EEC-41AE-A948-0C1A596FCBBB}.Debug|Any CPU.ActiveCfg = Debug|Any CPU
		{D3FAD65C-5EEC-41AE-A948-0C1A596FCBBB}.Debug|Any CPU.Build.0 = Debug|Any CPU
		{D3FAD65C-5EEC-41AE-A948-0C1A596FCBBB}.Release|Any CPU.ActiveCfg = Release|Any CPU
		{D3FAD65C-5EEC-41AE-A948-0C1A596FCBBB}.Release|Any CPU.Build.0 = Release|Any CPU
		{1E15A49D-D613-41AD-A92E-9742B34F1B46}.Debug|Any CPU.ActiveCfg = Debug|Any CPU
		{1E15A49D-D613-41AD-A92E-9742B34F1B46}.Debug|Any CPU.Build.0 = Debug|Any CPU
		{1E15A49D-D613-41AD-A92E-9742B34F1B46}.Release|Any CPU.ActiveCfg = Release|Any CPU
		{1E15A49D-D613-41AD-A92E-9742B34F1B46}.Release|Any CPU.Build.0 = Release|Any CPU
		{23047AC9-66F7-4DE3-82E7-ED5B7E83E3B3}.Debug|Any CPU.ActiveCfg = Debug|Any CPU
		{23047AC9-66F7-4DE3-82E7-ED5B7E83E3B3}.Debug|Any CPU.Build.0 = Debug|Any CPU
		{23047AC9-66F7-4DE3-82E7-ED5B7E83E3B3}.Release|Any CPU.ActiveCfg = Release|Any CPU
		{23047AC9-66F7-4DE3-82E7-ED5B7E83E3B3}.Release|Any CPU.Build.0 = Release|Any CPU
	EndGlobalSection
	GlobalSection(SolutionProperties) = preSolution
		HideSolutionNode = FALSE
	EndGlobalSection
	GlobalSection(ExtensibilityGlobals) = postSolution
		SolutionGuid = {4ACCFB62-DA3D-4588-ACD1-A54B9CDF4810}
	EndGlobalSection
EndGlobal
